{
  "version": 4,
  "terraform_version": "1.11.4",
  "serial": 7,
  "lineage": "6ac1acc5-9130-2a30-09a2-49dd5d94d104",
  "outputs": {},
  "resources": [
    {
      "mode": "managed",
      "type": "aws_internet_gateway",
      "name": "gw",
      "provider": "provider[\"registry.terraform.io/hashicorp/aws\"]",
      "instances": [
        {
          "schema_version": 0,
          "attributes": {
            "arn": "arn:aws:ec2:us-east-1:447236060138:internet-gateway/igw-018854ee715a768a1",
            "id": "igw-018854ee715a768a1",
            "owner_id": "447236060138",
            "tags": {
              "Name": "lab1-gateway"
            },
            "tags_all": {
              "Name": "lab1-gateway"
            },
            "timeouts": null,
            "vpc_id": "vpc-0aa51fcf4d8fdf33c"
          },
          "sensitive_attributes": [],
          "private": "eyJlMmJmYjczMC1lY2FhLTExZTYtOGY4OC0zNDM2M2JjN2M0YzAiOnsiY3JlYXRlIjoxMjAwMDAwMDAwMDAwLCJkZWxldGUiOjEyMDAwMDAwMDAwMDAsInVwZGF0ZSI6MTIwMDAwMDAwMDAwMH19",
          "dependencies": [
            "aws_vpc.mainvpc"
          ]
        }
      ]
    },
    {
      "mode": "managed",
      "type": "aws_vpc",
      "name": "mainvpc",
      "provider": "provider[\"registry.terraform.io/hashicorp/aws\"]",
      "instances": [
        {
          "schema_version": 1,
          "attributes": {
            "arn": "arn:aws:ec2:us-east-1:447236060138:vpc/vpc-0aa51fcf4d8fdf33c",
            "assign_generated_ipv6_cidr_block": false,
            "cidr_block": "10.1.0.0/16",
            "default_network_acl_id": "acl-023d55119f34b0cfc",
            "default_route_table_id": "rtb-095a4937969822277",
            "default_security_group_id": "sg-03886edec7e0ddfb4",
            "dhcp_options_id": "dopt-0f0e61f0cfa202c6c",
            "enable_dns_hostnames": false,
            "enable_dns_support": true,
            "enable_network_address_usage_metrics": false,
            "id": "vpc-0aa51fcf4d8fdf33c",
            "instance_tenancy": "default",
            "ipv4_ipam_pool_id": null,
            "ipv4_netmask_length": null,
            "ipv6_association_id": "",
            "ipv6_cidr_block": "",
            "ipv6_cidr_block_network_border_group": "",
            "ipv6_ipam_pool_id": "",
            "ipv6_netmask_length": 0,
            "main_route_table_id": "rtb-095a4937969822277",
            "owner_id": "447236060138",
            "tags": {
              "Name": "lab1-vpc"
            },
            "tags_all": {
              "Name": "lab1-vpc"
            }
          },
          "sensitive_attributes": [],
          "private": "eyJzY2hlbWFfdmVyc2lvbiI6IjEifQ=="
        }
      ]
    }
  ],
  "check_results": null
}
